# This file is autogenerated, do not edit; changes may be undone by the next 'dep ensure'.


[[projects]]
  branch = "master"
  name = "github.com/ymotongpoo/datemaki"
  packages = ["."]
  revision = "ebdf2513fc43826f46e180bf35a31fcd3e52644d"

[solve-meta]
  analyzer-name = "dep"
  analyzer-version = 1
  inputs-digest = "c3f019ed0365b7628fbaa51676c57e18988626cb6329eb61481153565b1790dd"
  solver-name = "gps-cdcl"
  solver-version = 1
